// !$*UTF8*$!
{
	archiveVersion = 1;
	classes = {
	};
	objectVersion = 56;
	objects = {

/* Begin PBXBuildFile section */
		A000000000000000000000F2 /* App.swift in Sources */ = {isa = PBXBuildFile; fileRef = A000000000000000000000F1 /* App.swift */; };
		A00000000000000000000104 /* Assets.xcassets in Resources */ = {isa = PBXBuildFile; fileRef = A00000000000000000000103 /* Assets.xcassets */; };
		A00000000000000000000303 /* Hummingbird in Frameworks */ = {isa = PBXBuildFile; productRef = A00000000000000000000302 /* Hummingbird */; };
		A00000000000000000000305 /* HummingbirdWebSocket in Frameworks */ = {isa = PBXBuildFile; productRef = A00000000000000000000304 /* HummingbirdWebSocket */; };
		A00000000000000000000402 /* ClipServer.swift in Sources */ = {isa = PBXBuildFile; fileRef = A00000000000000000000401 /* ClipServer.swift */; };
		A00000000000000000000404 /* ServerConfig.swift in Sources */ = {isa = PBXBuildFile; fileRef = A00000000000000000000403 /* ServerConfig.swift */; };
		A00000000000000000000406 /* WebSocketHub.swift in Sources */ = {isa = PBXBuildFile; fileRef = A00000000000000000000405 /* WebSocketHub.swift */; };
		A00000000000000000000502 /* ClipPayload.swift in Sources */ = {isa = PBXBuildFile; fileRef = A00000000000000000000501 /* ClipPayload.swift */; };
		A00000000000000000000504 /* PasteboardWatcher.swift in Sources */ = {isa = PBXBuildFile; fileRef = A00000000000000000000503 /* PasteboardWatcher.swift */; };
		A00000000000000000000506 /* PasteboardInjector.swift in Sources */ = {isa = PBXBuildFile; fileRef = A00000000000000000000505 /* PasteboardInjector.swift */; };
		A00000000000000000000702 /* PasteboardRoundtripTests.swift in Sources */ = {isa = PBXBuildFile; fileRef = A00000000000000000000701 /* PasteboardRoundtripTests.swift */; };
		A00000000000000000000704 /* ClipPayloadTests.swift in Sources */ = {isa = PBXBuildFile; fileRef = A00000000000000000000703 /* ClipPayloadTests.swift */; };
		A00000000000000000001002 /* BonjourAdvertiser.swift in Sources */ = {isa = PBXBuildFile; fileRef = A00000000000000000001001 /* BonjourAdvertiser.swift */; };
		A00000000000000000001102 /* PairingManager.swift in Sources */ = {isa = PBXBuildFile; fileRef = A00000000000000000001101 /* PairingManager.swift */; };
		A00000000000000000001202 /* Keychain.swift in Sources */ = {isa = PBXBuildFile; fileRef = A00000000000000000001201 /* Keychain.swift */; };
		A00000000000000000001302 /* MenuBarController.swift in Sources */ = {isa = PBXBuildFile; fileRef = A00000000000000000001301 /* MenuBarController.swift */; };
		A00000000000000000001402 /* PairingWindow.swift in Sources */ = {isa = PBXBuildFile; fileRef = A00000000000000000001401 /* PairingWindow.swift */; };
		A00000000000000000001502 /* PairingManagerTests.swift in Sources */ = {isa = PBXBuildFile; fileRef = A00000000000000000001501 /* PairingManagerTests.swift */; };
		A00000000000000000001602 /* KeychainTests.swift in Sources */ = {isa = PBXBuildFile; fileRef = A00000000000000000001601 /* KeychainTests.swift */; };
		A00000000000000000001702 /* BonjourAdvertiserTests.swift in Sources */ = {isa = PBXBuildFile; fileRef = A00000000000000000001701 /* BonjourAdvertiserTests.swift */; };
		A00000000000000000001802 /* TLSManager.swift in Sources */ = {isa = PBXBuildFile; fileRef = A00000000000000000001801 /* TLSManager.swift */; };
		A00000000000000000001902 /* HMACValidator.swift in Sources */ = {isa = PBXBuildFile; fileRef = A00000000000000000001901 /* HMACValidator.swift */; };
		A00000000000000000001A02 /* TokenStore.swift in Sources */ = {isa = PBXBuildFile; fileRef = A00000000000000000001A01 /* TokenStore.swift */; };
		A00000000000000000001B02 /* AuthMiddleware.swift in Sources */ = {isa = PBXBuildFile; fileRef = A00000000000000000001B01 /* AuthMiddleware.swift */; };
		A00000000000000000002604 /* RateLimiter.swift in Sources */ = {isa = PBXBuildFile; fileRef = A00000000000000000002603 /* RateLimiter.swift */; };
		A00000000000000000002606 /* RateLimitMiddleware.swift in Sources */ = {isa = PBXBuildFile; fileRef = A00000000000000000002605 /* RateLimitMiddleware.swift */; };
		A00000000000000000001C02 /* TLSManagerTests.swift in Sources */ = {isa = PBXBuildFile; fileRef = A00000000000000000001C01 /* TLSManagerTests.swift */; };
		A00000000000000000001D02 /* HMACValidatorTests.swift in Sources */ = {isa = PBXBuildFile; fileRef = A00000000000000000001D01 /* HMACValidatorTests.swift */; };
		A00000000000000000001E02 /* TokenStoreTests.swift in Sources */ = {isa = PBXBuildFile; fileRef = A00000000000000000001E01 /* TokenStoreTests.swift */; };
		A00000000000000000001F02 /* AuthMiddlewareTests.swift in Sources */ = {isa = PBXBuildFile; fileRef = A00000000000000000001F01 /* AuthMiddlewareTests.swift */; };
		A00000000000000000002003 /* HummingbirdTLS in Frameworks */ = {isa = PBXBuildFile; productRef = A00000000000000000002002 /* HummingbirdTLS */; };
		A00000000000000000002103 /* NIOSSL in Frameworks */ = {isa = PBXBuildFile; productRef = A00000000000000000002102 /* NIOSSL */; };
		A00000000000000000002203 /* X509 in Frameworks */ = {isa = PBXBuildFile; productRef = A00000000000000000002202 /* X509 */; };
		A00000000000000000002302 /* ReachabilityMonitor.swift in Sources */ = {isa = PBXBuildFile; fileRef = A00000000000000000002301 /* ReachabilityMonitor.swift */; };
		A00000000000000000002402 /* ReachabilityMonitorTests.swift in Sources */ = {isa = PBXBuildFile; fileRef = A00000000000000000002401 /* ReachabilityMonitorTests.swift */; };
		A00000000000000000002502 /* TailscaleHelper.swift in Sources */ = {isa = PBXBuildFile; fileRef = A00000000000000000002501 /* TailscaleHelper.swift */; };
		A00000000000000000002504 /* TailscaleWindow.swift in Sources */ = {isa = PBXBuildFile; fileRef = A00000000000000000002503 /* TailscaleWindow.swift */; };
		A00000000000000000002602 /* ErrorState.swift in Sources */ = {isa = PBXBuildFile; fileRef = A00000000000000000002601 /* ErrorState.swift */; };
		A5E29CBC0E0BB514A75D93CE /* ClipImageSafety.swift in Sources */ = {isa = PBXBuildFile; fileRef = 760B26575EEA8C8909E13ED3 /* ClipImageSafety.swift */; };
		DA31085F2D64784AEFBC10A4 /* ClipboardChangeOrder.swift in Sources */ = {isa = PBXBuildFile; fileRef = 427C04A102E4FE4B3B9E5CA9 /* ClipboardChangeOrder.swift */; };
		2563306275B46FDAD6476A38 /* ReplayJournal.swift in Sources */ = {isa = PBXBuildFile; fileRef = FE5466DF2F84E4756846529C /* ReplayJournal.swift */; };
		403FEB13D87D3506FC826251 /* ReplayJournalTests.swift in Sources */ = {isa = PBXBuildFile; fileRef = 5A99B4E9EBE637D344929BBD /* ReplayJournalTests.swift */; };
		8FA35F57492F7459957E2088 /* PairingHardeningTests.swift in Sources */ = {isa = PBXBuildFile; fileRef = 1503666CD0C61AF186126FCB /* PairingHardeningTests.swift */; };
		16046894BC7B5C40EB7E1A51 /* RateLimiterTests.swift in Sources */ = {isa = PBXBuildFile; fileRef = DB954B0F975A7BA0798E9902 /* RateLimiterTests.swift */; };
		FDC8CCDF853C7E6080B4B7E8 /* NativeBridgeE2ETests.swift in Sources */ = {isa = PBXBuildFile; fileRef = 6876A463174835500240519D /* NativeBridgeE2ETests.swift */; };
		4141161A6DA94B29CD9E3E99 /* AuthorizationGateTests.swift in Sources */ = {isa = PBXBuildFile; fileRef = 7D649838BE794C3F2C18A158 /* AuthorizationGateTests.swift */; };
		13E2D214934D71C1584B4698 /* ClipServerRouteTests.swift in Sources */ = {isa = PBXBuildFile; fileRef = 8CB1CD247720A075252B394A /* ClipServerRouteTests.swift */; };
		4535AE3D5365A7A83159B0F1 /* PairingWindowVisualTests.swift in Sources */ = {isa = PBXBuildFile; fileRef = 5789688B432C42682DD1C1FE /* PairingWindowVisualTests.swift */; };
		65BB5C0370C8D5C135035F7F /* InitialPairingPolicyTests.swift in Sources */ = {isa = PBXBuildFile; fileRef = 6A36037D7DB8945FD82A362F /* InitialPairingPolicyTests.swift */; };
/* End PBXBuildFile section */

/* Begin PBXContainerItemProxy section */
		A00000000000000000000602 /* PBXContainerItemProxy */ = {
			isa = PBXContainerItemProxy;
			containerPortal = A000000000000000000000A1 /* Project object */;
			proxyType = 1;
			remoteGlobalIDString = A000000000000000000000D1;
			remoteInfo = ClipSync;
		};
/* End PBXContainerItemProxy section */

/* Begin PBXFileReference section */
		A000000000000000000000C1 /* ClipSync.app */ = {isa = PBXFileReference; explicitFileType = wrapper.application; includeInIndex = 0; path = ClipSync.app; sourceTree = BUILT_PRODUCTS_DIR; };
		A000000000000000000000F1 /* App.swift */ = {isa = PBXFileReference; lastKnownFileType = sourcecode.swift; path = App.swift; sourceTree = "<group>"; };
		A00000000000000000000102 /* Info.plist */ = {isa = PBXFileReference; lastKnownFileType = text.plist.xml; path = Info.plist; sourceTree = "<group>"; };
		A00000000000000000000103 /* Assets.xcassets */ = {isa = PBXFileReference; lastKnownFileType = folder.assetcatalog; path = Assets.xcassets; sourceTree = "<group>"; };
		A00000000000000000000401 /* ClipServer.swift */ = {isa = PBXFileReference; lastKnownFileType = sourcecode.swift; path = ClipServer.swift; sourceTree = "<group>"; };
		A00000000000000000000403 /* ServerConfig.swift */ = {isa = PBXFileReference; lastKnownFileType = sourcecode.swift; path = ServerConfig.swift; sourceTree = "<group>"; };
		A00000000000000000000405 /* WebSocketHub.swift */ = {isa = PBXFileReference; lastKnownFileType = sourcecode.swift; path = WebSocketHub.swift; sourceTree = "<group>"; };
		A00000000000000000000501 /* ClipPayload.swift */ = {isa = PBXFileReference; lastKnownFileType = sourcecode.swift; path = ClipPayload.swift; sourceTree = "<group>"; };
		A00000000000000000000503 /* PasteboardWatcher.swift */ = {isa = PBXFileReference; lastKnownFileType = sourcecode.swift; path = PasteboardWatcher.swift; sourceTree = "<group>"; };
		A00000000000000000000505 /* PasteboardInjector.swift */ = {isa = PBXFileReference; lastKnownFileType = sourcecode.swift; path = PasteboardInjector.swift; sourceTree = "<group>"; };
		A00000000000000000000601 /* ClipSyncTests.xctest */ = {isa = PBXFileReference; explicitFileType = wrapper.cfbundle; includeInIndex = 0; path = ClipSyncTests.xctest; sourceTree = BUILT_PRODUCTS_DIR; };
		A00000000000000000000701 /* PasteboardRoundtripTests.swift */ = {isa = PBXFileReference; lastKnownFileType = sourcecode.swift; path = PasteboardRoundtripTests.swift; sourceTree = "<group>"; };
		A00000000000000000000703 /* ClipPayloadTests.swift */ = {isa = PBXFileReference; lastKnownFileType = sourcecode.swift; path = ClipPayloadTests.swift; sourceTree = "<group>"; };
		A00000000000000000001001 /* BonjourAdvertiser.swift */ = {isa = PBXFileReference; lastKnownFileType = sourcecode.swift; path = BonjourAdvertiser.swift; sourceTree = "<group>"; };
		A00000000000000000001101 /* PairingManager.swift */ = {isa = PBXFileReference; lastKnownFileType = sourcecode.swift; path = PairingManager.swift; sourceTree = "<group>"; };
		A00000000000000000001201 /* Keychain.swift */ = {isa = PBXFileReference; lastKnownFileType = sourcecode.swift; path = Keychain.swift; sourceTree = "<group>"; };
		A00000000000000000001301 /* MenuBarController.swift */ = {isa = PBXFileReference; lastKnownFileType = sourcecode.swift; path = MenuBarController.swift; sourceTree = "<group>"; };
		A00000000000000000001401 /* PairingWindow.swift */ = {isa = PBXFileReference; lastKnownFileType = sourcecode.swift; path = PairingWindow.swift; sourceTree = "<group>"; };
		A00000000000000000001501 /* PairingManagerTests.swift */ = {isa = PBXFileReference; lastKnownFileType = sourcecode.swift; path = PairingManagerTests.swift; sourceTree = "<group>"; };
		A00000000000000000001601 /* KeychainTests.swift */ = {isa = PBXFileReference; lastKnownFileType = sourcecode.swift; path = KeychainTests.swift; sourceTree = "<group>"; };
		A00000000000000000001701 /* BonjourAdvertiserTests.swift */ = {isa = PBXFileReference; lastKnownFileType = sourcecode.swift; path = BonjourAdvertiserTests.swift; sourceTree = "<group>"; };
		A00000000000000000001801 /* TLSManager.swift */ = {isa = PBXFileReference; lastKnownFileType = sourcecode.swift; path = TLSManager.swift; sourceTree = "<group>"; };
		A00000000000000000001901 /* HMACValidator.swift */ = {isa = PBXFileReference; lastKnownFileType = sourcecode.swift; path = HMACValidator.swift; sourceTree = "<group>"; };
		A00000000000000000001A01 /* TokenStore.swift */ = {isa = PBXFileReference; lastKnownFileType = sourcecode.swift; path = TokenStore.swift; sourceTree = "<group>"; };
		A00000000000000000001B01 /* AuthMiddleware.swift */ = {isa = PBXFileReference; lastKnownFileType = sourcecode.swift; path = AuthMiddleware.swift; sourceTree = "<group>"; };
		A00000000000000000002603 /* RateLimiter.swift */ = {isa = PBXFileReference; lastKnownFileType = sourcecode.swift; path = RateLimiter.swift; sourceTree = "<group>"; };
		A00000000000000000002605 /* RateLimitMiddleware.swift */ = {isa = PBXFileReference; lastKnownFileType = sourcecode.swift; path = RateLimitMiddleware.swift; sourceTree = "<group>"; };
		A00000000000000000001C01 /* TLSManagerTests.swift */ = {isa = PBXFileReference; lastKnownFileType = sourcecode.swift; path = TLSManagerTests.swift; sourceTree = "<group>"; };
		A00000000000000000001D01 /* HMACValidatorTests.swift */ = {isa = PBXFileReference; lastKnownFileType = sourcecode.swift; path = HMACValidatorTests.swift; sourceTree = "<group>"; };
		A00000000000000000001E01 /* TokenStoreTests.swift */ = {isa = PBXFileReference; lastKnownFileType = sourcecode.swift; path = TokenStoreTests.swift; sourceTree = "<group>"; };
		A00000000000000000001F01 /* AuthMiddlewareTests.swift */ = {isa = PBXFileReference; lastKnownFileType = sourcecode.swift; path = AuthMiddlewareTests.swift; sourceTree = "<group>"; };
		A00000000000000000002301 /* ReachabilityMonitor.swift */ = {isa = PBXFileReference; lastKnownFileType = sourcecode.swift; path = ReachabilityMonitor.swift; sourceTree = "<group>"; };
		A00000000000000000002401 /* ReachabilityMonitorTests.swift */ = {isa = PBXFileReference; lastKnownFileType = sourcecode.swift; path = ReachabilityMonitorTests.swift; sourceTree = "<group>"; };
		A00000000000000000002501 /* TailscaleHelper.swift */ = {isa = PBXFileReference; lastKnownFileType = sourcecode.swift; path = TailscaleHelper.swift; sourceTree = "<group>"; };
		A00000000000000000002503 /* TailscaleWindow.swift */ = {isa = PBXFileReference; lastKnownFileType = sourcecode.swift; path = TailscaleWindow.swift; sourceTree = "<group>"; };
		A00000000000000000002601 /* ErrorState.swift */ = {isa = PBXFileReference; lastKnownFileType = sourcecode.swift; path = ErrorState.swift; sourceTree = "<group>"; };
		760B26575EEA8C8909E13ED3 /* ClipImageSafety.swift */ = {isa = PBXFileReference; lastKnownFileType = sourcecode.swift; path = "ClipSync/Clipboard/ClipImageSafety.swift"; sourceTree = SOURCE_ROOT; };
		427C04A102E4FE4B3B9E5CA9 /* ClipboardChangeOrder.swift */ = {isa = PBXFileReference; lastKnownFileType = sourcecode.swift; path = "ClipSync/Clipboard/ClipboardChangeOrder.swift"; sourceTree = SOURCE_ROOT; };
		FE5466DF2F84E4756846529C /* ReplayJournal.swift */ = {isa = PBXFileReference; lastKnownFileType = sourcecode.swift; path = "ClipSync/Security/ReplayJournal.swift"; sourceTree = SOURCE_ROOT; };
		5A99B4E9EBE637D344929BBD /* ReplayJournalTests.swift */ = {isa = PBXFileReference; lastKnownFileType = sourcecode.swift; path = "ClipSyncTests/ReplayJournalTests.swift"; sourceTree = SOURCE_ROOT; };
		1503666CD0C61AF186126FCB /* PairingHardeningTests.swift */ = {isa = PBXFileReference; lastKnownFileType = sourcecode.swift; path = "ClipSyncTests/PairingHardeningTests.swift"; sourceTree = SOURCE_ROOT; };
		DB954B0F975A7BA0798E9902 /* RateLimiterTests.swift */ = {isa = PBXFileReference; lastKnownFileType = sourcecode.swift; path = "ClipSyncTests/RateLimiterTests.swift"; sourceTree = SOURCE_ROOT; };
		6876A463174835500240519D /* NativeBridgeE2ETests.swift */ = {isa = PBXFileReference; lastKnownFileType = sourcecode.swift; path = "ClipSyncTests/NativeBridgeE2ETests.swift"; sourceTree = SOURCE_ROOT; };
		7D649838BE794C3F2C18A158 /* AuthorizationGateTests.swift */ = {isa = PBXFileReference; lastKnownFileType = sourcecode.swift; path = "ClipSyncTests/AuthorizationGateTests.swift"; sourceTree = SOURCE_ROOT; };
		8CB1CD247720A075252B394A /* ClipServerRouteTests.swift */ = {isa = PBXFileReference; lastKnownFileType = sourcecode.swift; path = "ClipSyncTests/ClipServerRouteTests.swift"; sourceTree = SOURCE_ROOT; };
		5789688B432C42682DD1C1FE /* PairingWindowVisualTests.swift */ = {isa = PBXFileReference; lastKnownFileType = sourcecode.swift; path = "ClipSyncTests/PairingWindowVisualTests.swift"; sourceTree = SOURCE_ROOT; };
		6A36037D7DB8945FD82A362F /* InitialPairingPolicyTests.swift */ = {isa = PBXFileReference; lastKnownFileType = sourcecode.swift; path = "ClipSyncTests/InitialPairingPolicyTests.swift"; sourceTree = SOURCE_ROOT; };
/* End PBXFileReference section */

/* Begin PBXFrameworksBuildPhase section */
		A000000000000000000000E2 /* Frameworks */ = {
			isa = PBXFrameworksBuildPhase;
			buildActionMask = 2147483647;
			files = (
				A00000000000000000000303 /* Hummingbird in Frameworks */,
				A00000000000000000000305 /* HummingbirdWebSocket in Frameworks */,
				A00000000000000000002003 /* HummingbirdTLS in Frameworks */,
				A00000000000000000002103 /* NIOSSL in Frameworks */,
				A00000000000000000002203 /* X509 in Frameworks */,
			);
			runOnlyForDeploymentPostprocessing = 0;
		};
		A00000000000000000000603 /* Frameworks */ = {
			isa = PBXFrameworksBuildPhase;
			buildActionMask = 2147483647;
			files = (
			);
			runOnlyForDeploymentPostprocessing = 0;
		};
/* End PBXFrameworksBuildPhase section */

/* Begin PBXGroup section */
		A000000000000000000000B1 = {
			isa = PBXGroup;
			children = (
				A000000000000000000000B2 /* ClipSync */,
				A00000000000000000000700 /* ClipSyncTests */,
				A000000000000000000000B4 /* Products */,
			);
			sourceTree = "<group>";
		};
		A000000000000000000000B2 /* ClipSync */ = {
			isa = PBXGroup;
			children = (
				A000000000000000000000F1 /* App.swift */,
				A00000000000000000000500 /* Clipboard */,
				A00000000000000000001000 /* Network */,
				A00000000000000000001100 /* Pairing */,
				A00000000000000000001800 /* Security */,
				A000000000000000000000B3 /* Server */,
				A00000000000000000001200 /* Storage */,
				A00000000000000000001300 /* UI */,
				A00000000000000000000103 /* Assets.xcassets */,
				A00000000000000000000102 /* Info.plist */,
			);
			path = ClipSync;
			sourceTree = "<group>";
		};
		A000000000000000000000B3 /* Server */ = {
			isa = PBXGroup;
			children = (
				A00000000000000000001B01 /* AuthMiddleware.swift */,
				A00000000000000000000401 /* ClipServer.swift */,
				A00000000000000000002603 /* RateLimiter.swift */,
				A00000000000000000002605 /* RateLimitMiddleware.swift */,
				A00000000000000000000403 /* ServerConfig.swift */,
				A00000000000000000000405 /* WebSocketHub.swift */,
			);
			path = Server;
			sourceTree = "<group>";
		};
		A000000000000000000000B4 /* Products */ = {
			isa = PBXGroup;
			children = (
				A000000000000000000000C1 /* ClipSync.app */,
				A00000000000000000000601 /* ClipSyncTests.xctest */,
			);
			name = Products;
			sourceTree = "<group>";
		};
		A00000000000000000000500 /* Clipboard */ = {
			isa = PBXGroup;
			children = (
				427C04A102E4FE4B3B9E5CA9 /* ClipboardChangeOrder.swift */,
				760B26575EEA8C8909E13ED3 /* ClipImageSafety.swift */,
				A00000000000000000000501 /* ClipPayload.swift */,
				A00000000000000000000503 /* PasteboardWatcher.swift */,
				A00000000000000000000505 /* PasteboardInjector.swift */,
			);
			path = Clipboard;
			sourceTree = "<group>";
		};
		A00000000000000000000700 /* ClipSyncTests */ = {
			isa = PBXGroup;
			children = (
				6A36037D7DB8945FD82A362F /* InitialPairingPolicyTests.swift */,
				5789688B432C42682DD1C1FE /* PairingWindowVisualTests.swift */,
				8CB1CD247720A075252B394A /* ClipServerRouteTests.swift */,
				7D649838BE794C3F2C18A158 /* AuthorizationGateTests.swift */,
				6876A463174835500240519D /* NativeBridgeE2ETests.swift */,
				DB954B0F975A7BA0798E9902 /* RateLimiterTests.swift */,
				1503666CD0C61AF186126FCB /* PairingHardeningTests.swift */,
				5A99B4E9EBE637D344929BBD /* ReplayJournalTests.swift */,
				A00000000000000000001F01 /* AuthMiddlewareTests.swift */,
				A00000000000000000001701 /* BonjourAdvertiserTests.swift */,
				A00000000000000000000703 /* ClipPayloadTests.swift */,
				A00000000000000000001D01 /* HMACValidatorTests.swift */,
				A00000000000000000001601 /* KeychainTests.swift */,
				A00000000000000000001501 /* PairingManagerTests.swift */,
				A00000000000000000000701 /* PasteboardRoundtripTests.swift */,
				A00000000000000000002401 /* ReachabilityMonitorTests.swift */,
				A00000000000000000001C01 /* TLSManagerTests.swift */,
				A00000000000000000001E01 /* TokenStoreTests.swift */,
			);
			path = ClipSyncTests;
			sourceTree = "<group>";
		};
		A00000000000000000001000 /* Network */ = {
			isa = PBXGroup;
			children = (
				A00000000000000000001001 /* BonjourAdvertiser.swift */,
				A00000000000000000002301 /* ReachabilityMonitor.swift */,
				A00000000000000000002501 /* TailscaleHelper.swift */,
			);
			path = Network;
			sourceTree = "<group>";
		};
		A00000000000000000001100 /* Pairing */ = {
			isa = PBXGroup;
			children = (
				A00000000000000000001101 /* PairingManager.swift */,
				A00000000000000000001A01 /* TokenStore.swift */,
			);
			path = Pairing;
			sourceTree = "<group>";
		};
		A00000000000000000001200 /* Storage */ = {
			isa = PBXGroup;
			children = (
				A00000000000000000001201 /* Keychain.swift */,
			);
			path = Storage;
			sourceTree = "<group>";
		};
		A00000000000000000001300 /* UI */ = {
			isa = PBXGroup;
			children = (
				A00000000000000000001301 /* MenuBarController.swift */,
				A00000000000000000001401 /* PairingWindow.swift */,
				A00000000000000000002601 /* ErrorState.swift */,
				A00000000000000000002503 /* TailscaleWindow.swift */,
			);
			path = UI;
			sourceTree = "<group>";
		};
		A00000000000000000001800 /* Security */ = {
			isa = PBXGroup;
			children = (
				FE5466DF2F84E4756846529C /* ReplayJournal.swift */,
				A00000000000000000001801 /* TLSManager.swift */,
				A00000000000000000001901 /* HMACValidator.swift */,
			);
			path = Security;
			sourceTree = "<group>";
		};
/* End PBXGroup section */

/* Begin PBXNativeTarget section */
		A000000000000000000000D1 /* ClipSync */ = {
			isa = PBXNativeTarget;
			buildConfigurationList = A00000000000000000000206 /* Build configuration list for PBXNativeTarget "ClipSync" */;
			buildPhases = (
				A000000000000000000000E1 /* Sources */,
				A000000000000000000000E2 /* Frameworks */,
				A000000000000000000000E3 /* Resources */,
			);
			buildRules = (
			);
			dependencies = (
			);
			name = ClipSync;
			packageProductDependencies = (
				A00000000000000000000302 /* Hummingbird */,
				A00000000000000000000304 /* HummingbirdWebSocket */,
				A00000000000000000002002 /* HummingbirdTLS */,
				A00000000000000000002102 /* NIOSSL */,
				A00000000000000000002202 /* X509 */,
			);
			productName = ClipSync;
			productReference = A000000000000000000000C1 /* ClipSync.app */;
			productType = "com.apple.product-type.application";
		};
		A00000000000000000000600 /* ClipSyncTests */ = {
			isa = PBXNativeTarget;
			buildConfigurationList = A00000000000000000000608 /* Build configuration list for PBXNativeTarget "ClipSyncTests" */;
			buildPhases = (
				A00000000000000000000604 /* Sources */,
				A00000000000000000000603 /* Frameworks */,
				A00000000000000000000605 /* Resources */,
			);
			buildRules = (
			);
			dependencies = (
				A00000000000000000000607 /* PBXTargetDependency */,
			);
			name = ClipSyncTests;
			productName = ClipSyncTests;
			productReference = A00000000000000000000601 /* ClipSyncTests.xctest */;
			productType = "com.apple.product-type.bundle.unit-test";
		};
/* End PBXNativeTarget section */

/* Begin PBXProject section */
		A000000000000000000000A1 /* Project object */ = {
			isa = PBXProject;
			attributes = {
				BuildIndependentTargetsInParallel = 1;
				LastSwiftUpdateCheck = 1500;
				LastUpgradeCheck = 2620;
				TargetAttributes = {
					A000000000000000000000D1 = {
						CreatedOnToolsVersion = 15.0;
					};
					A00000000000000000000600 = {
						CreatedOnToolsVersion = 15.0;
						TestTargetID = A000000000000000000000D1;
					};
				};
			};
			buildConfigurationList = A00000000000000000000205 /* Build configuration list for PBXProject "ClipSync" */;
			compatibilityVersion = "Xcode 14.0";
			developmentRegion = en;
			hasScannedForEncodings = 0;
			knownRegions = (
				en,
				Base,
			);
			mainGroup = A000000000000000000000B1;
			packageReferences = (
				A00000000000000000000301 /* XCRemoteSwiftPackageReference "hummingbird" */,
				A00000000000000000000311 /* XCRemoteSwiftPackageReference "hummingbird-websocket" */,
				A00000000000000000002001 /* XCRemoteSwiftPackageReference "swift-nio-ssl" */,
				A00000000000000000002201 /* XCRemoteSwiftPackageReference "swift-certificates" */,
			);
			productRefGroup = A000000000000000000000B4 /* Products */;
			projectDirPath = "";
			projectRoot = "";
			targets = (
				A000000000000000000000D1 /* ClipSync */,
				A00000000000000000000600 /* ClipSyncTests */,
			);
		};
/* End PBXProject section */

/* Begin PBXResourcesBuildPhase section */
		A000000000000000000000E3 /* Resources */ = {
			isa = PBXResourcesBuildPhase;
			buildActionMask = 2147483647;
			files = (
				A00000000000000000000104 /* Assets.xcassets in Resources */,
			);
			runOnlyForDeploymentPostprocessing = 0;
		};
		A00000000000000000000605 /* Resources */ = {
			isa = PBXResourcesBuildPhase;
			buildActionMask = 2147483647;
			files = (
			);
			runOnlyForDeploymentPostprocessing = 0;
		};
/* End PBXResourcesBuildPhase section */

/* Begin PBXSourcesBuildPhase section */
		A000000000000000000000E1 /* Sources */ = {
			isa = PBXSourcesBuildPhase;
			buildActionMask = 2147483647;
			files = (
				2563306275B46FDAD6476A38 /* ReplayJournal.swift in Sources */,
				DA31085F2D64784AEFBC10A4 /* ClipboardChangeOrder.swift in Sources */,
				A5E29CBC0E0BB514A75D93CE /* ClipImageSafety.swift in Sources */,
				A000000000000000000000F2 /* App.swift in Sources */,
				A00000000000000000001B02 /* AuthMiddleware.swift in Sources */,
				A00000000000000000001002 /* BonjourAdvertiser.swift in Sources */,
				A00000000000000000000402 /* ClipServer.swift in Sources */,
				A00000000000000000002604 /* RateLimiter.swift in Sources */,
				A00000000000000000002606 /* RateLimitMiddleware.swift in Sources */,
				A00000000000000000000502 /* ClipPayload.swift in Sources */,
				A00000000000000000001902 /* HMACValidator.swift in Sources */,
				A00000000000000000001202 /* Keychain.swift in Sources */,
				A00000000000000000001302 /* MenuBarController.swift in Sources */,
				A00000000000000000001102 /* PairingManager.swift in Sources */,
				A00000000000000000001402 /* PairingWindow.swift in Sources */,
				A00000000000000000002602 /* ErrorState.swift in Sources */,
				A00000000000000000000506 /* PasteboardInjector.swift in Sources */,
				A00000000000000000000504 /* PasteboardWatcher.swift in Sources */,
				A00000000000000000002302 /* ReachabilityMonitor.swift in Sources */,
				A00000000000000000000404 /* ServerConfig.swift in Sources */,
				A00000000000000000002502 /* TailscaleHelper.swift in Sources */,
				A00000000000000000002504 /* TailscaleWindow.swift in Sources */,
				A00000000000000000001802 /* TLSManager.swift in Sources */,
				A00000000000000000001A02 /* TokenStore.swift in Sources */,
				A00000000000000000000406 /* WebSocketHub.swift in Sources */,
			);
			runOnlyForDeploymentPostprocessing = 0;
		};
		A00000000000000000000604 /* Sources */ = {
			isa = PBXSourcesBuildPhase;
			buildActionMask = 2147483647;
			files = (
				65BB5C0370C8D5C135035F7F /* InitialPairingPolicyTests.swift in Sources */,
				4535AE3D5365A7A83159B0F1 /* PairingWindowVisualTests.swift in Sources */,
				13E2D214934D71C1584B4698 /* ClipServerRouteTests.swift in Sources */,
				4141161A6DA94B29CD9E3E99 /* AuthorizationGateTests.swift in Sources */,
				FDC8CCDF853C7E6080B4B7E8 /* NativeBridgeE2ETests.swift in Sources */,
				16046894BC7B5C40EB7E1A51 /* RateLimiterTests.swift in Sources */,
				8FA35F57492F7459957E2088 /* PairingHardeningTests.swift in Sources */,
				403FEB13D87D3506FC826251 /* ReplayJournalTests.swift in Sources */,
				A00000000000000000001F02 /* AuthMiddlewareTests.swift in Sources */,
				A00000000000000000001702 /* BonjourAdvertiserTests.swift in Sources */,
				A00000000000000000000704 /* ClipPayloadTests.swift in Sources */,
				A00000000000000000001D02 /* HMACValidatorTests.swift in Sources */,
				A00000000000000000001602 /* KeychainTests.swift in Sources */,
				A00000000000000000001502 /* PairingManagerTests.swift in Sources */,
				A00000000000000000000702 /* PasteboardRoundtripTests.swift in Sources */,
				A00000000000000000002402 /* ReachabilityMonitorTests.swift in Sources */,
				A00000000000000000001C02 /* TLSManagerTests.swift in Sources */,
				A00000000000000000001E02 /* TokenStoreTests.swift in Sources */,
			);
			runOnlyForDeploymentPostprocessing = 0;
		};
/* End PBXSourcesBuildPhase section */

/* Begin PBXTargetDependency section */
		A00000000000000000000607 /* PBXTargetDependency */ = {
			isa = PBXTargetDependency;
			target = A000000000000000000000D1 /* ClipSync */;
			targetProxy = A00000000000000000000602 /* PBXContainerItemProxy */;
		};
/* End PBXTargetDependency section */

/* Begin XCBuildConfiguration section */
		A00000000000000000000201 /* Debug */ = {
			isa = XCBuildConfiguration;
			buildSettings = {
				ALWAYS_SEARCH_USER_PATHS = NO;
				CLANG_ANALYZER_NONNULL = YES;
				CLANG_ANALYZER_NUMBER_OBJECT_CONVERSION = YES_AGGRESSIVE;
				CLANG_ENABLE_MODULES = YES;
				CLANG_ENABLE_OBJC_ARC = YES;
				CLANG_ENABLE_OBJC_WEAK = YES;
				CLANG_WARN_BLOCK_CAPTURE_AUTORELEASING = YES;
				CLANG_WARN_BOOL_CONVERSION = YES;
				CLANG_WARN_COMMA = YES;
				CLANG_WARN_CONSTANT_CONVERSION = YES;
				CLANG_WARN_DEPRECATED_OBJC_IMPLEMENTATIONS = YES;
				CLANG_WARN_DIRECT_OBJC_ISA_USAGE = YES_ERROR;
				CLANG_WARN_DOCUMENTATION_COMMENTS = YES;
				CLANG_WARN_EMPTY_BODY = YES;
				CLANG_WARN_ENUM_CONVERSION = YES;
				CLANG_WARN_INFINITE_RECURSION = YES;
				CLANG_WARN_INT_CONVERSION = YES;
				CLANG_WARN_NON_LITERAL_NULL_CONVERSION = YES;
				CLANG_WARN_OBJC_IMPLICIT_RETAIN_SELF = YES;
				CLANG_WARN_OBJC_LITERAL_CONVERSION = YES;
				CLANG_WARN_OBJC_ROOT_CLASS = YES_ERROR;
				CLANG_WARN_QUOTED_INCLUDE_IN_FRAMEWORK_HEADER = YES;
				CLANG_WARN_RANGE_LOOP_ANALYSIS = YES;
				CLANG_WARN_STRICT_PROTOTYPES = YES;
				CLANG_WARN_SUSPICIOUS_MOVE = YES;
				CLANG_WARN_UNGUARDED_AVAILABILITY = YES_AGGRESSIVE;
				CLANG_WARN_UNREACHABLE_CODE = YES;
				CLANG_WARN__DUPLICATE_METHOD_MATCH = YES;
				COPY_PHASE_STRIP = NO;
				DEAD_CODE_STRIPPING = YES;
				DEBUG_INFORMATION_FORMAT = dwarf;
				ENABLE_STRICT_OBJC_MSGSEND = YES;
				ENABLE_TESTABILITY = YES;
				ENABLE_USER_SCRIPT_SANDBOXING = YES;
				GCC_C_LANGUAGE_STANDARD = gnu17;
				GCC_DYNAMIC_NO_PIC = NO;
				GCC_NO_COMMON_BLOCKS = YES;
				GCC_OPTIMIZATION_LEVEL = 0;
				GCC_PREPROCESSOR_DEFINITIONS = (
					"DEBUG=1",
					"$(inherited)",
				);
				GCC_WARN_64_TO_32_BIT_CONVERSION = YES;
				GCC_WARN_ABOUT_RETURN_TYPE = YES_ERROR;
				GCC_WARN_UNDECLARED_SELECTOR = YES;
				GCC_WARN_UNINITIALIZED_AUTOS = YES_AGGRESSIVE;
				GCC_WARN_UNUSED_FUNCTION = YES;
				GCC_WARN_UNUSED_VARIABLE = YES;
				LOCALIZATION_PREFERS_STRING_CATALOGS = YES;
				MACOSX_DEPLOYMENT_TARGET = 14.0;
				MTL_ENABLE_DEBUG_INFO = INCLUDE_SOURCE;
				MTL_FAST_MATH = YES;
				ONLY_ACTIVE_ARCH = YES;
				SDKROOT = macosx;
				STRING_CATALOG_GENERATE_SYMBOLS = YES;
				SWIFT_ACTIVE_COMPILATION_CONDITIONS = "DEBUG $(inherited)";
				SWIFT_OPTIMIZATION_LEVEL = "-Onone";
			};
			name = Debug;
		};
		A00000000000000000000202 /* Release */ = {
			isa = XCBuildConfiguration;
			buildSettings = {
				ALWAYS_SEARCH_USER_PATHS = NO;
				CLANG_ANALYZER_NONNULL = YES;
				CLANG_ANALYZER_NUMBER_OBJECT_CONVERSION = YES_AGGRESSIVE;
				CLANG_ENABLE_MODULES = YES;
				CLANG_ENABLE_OBJC_ARC = YES;
				CLANG_ENABLE_OBJC_WEAK = YES;
				CLANG_WARN_BLOCK_CAPTURE_AUTORELEASING = YES;
				CLANG_WARN_BOOL_CONVERSION = YES;
				CLANG_WARN_COMMA = YES;
				CLANG_WARN_CONSTANT_CONVERSION = YES;
				CLANG_WARN_DEPRECATED_OBJC_IMPLEMENTATIONS = YES;
				CLANG_WARN_DIRECT_OBJC_ISA_USAGE = YES_ERROR;
				CLANG_WARN_DOCUMENTATION_COMMENTS = YES;
				CLANG_WARN_EMPTY_BODY = YES;
				CLANG_WARN_ENUM_CONVERSION = YES;
				CLANG_WARN_INFINITE_RECURSION = YES;
				CLANG_WARN_INT_CONVERSION = YES;
				CLANG_WARN_NON_LITERAL_NULL_CONVERSION = YES;
				CLANG_WARN_OBJC_IMPLICIT_RETAIN_SELF = YES;
				CLANG_WARN_OBJC_LITERAL_CONVERSION = YES;
				CLANG_WARN_OBJC_ROOT_CLASS = YES_ERROR;
				CLANG_WARN_QUOTED_INCLUDE_IN_FRAMEWORK_HEADER = YES;
				CLANG_WARN_RANGE_LOOP_ANALYSIS = YES;
				CLANG_WARN_STRICT_PROTOTYPES = YES;
				CLANG_WARN_SUSPICIOUS_MOVE = YES;
				CLANG_WARN_UNGUARDED_AVAILABILITY = YES_AGGRESSIVE;
				CLANG_WARN_UNREACHABLE_CODE = YES;
				CLANG_WARN__DUPLICATE_METHOD_MATCH = YES;
				COPY_PHASE_STRIP = NO;
				DEAD_CODE_STRIPPING = YES;
				DEBUG_INFORMATION_FORMAT = "dwarf-with-dsym";
				ENABLE_NS_ASSERTIONS = NO;
				ENABLE_STRICT_OBJC_MSGSEND = YES;
				ENABLE_USER_SCRIPT_SANDBOXING = YES;
				GCC_C_LANGUAGE_STANDARD = gnu17;
				GCC_NO_COMMON_BLOCKS = YES;
				GCC_WARN_64_TO_32_BIT_CONVERSION = YES;
				GCC_WARN_ABOUT_RETURN_TYPE = YES_ERROR;
				GCC_WARN_UNDECLARED_SELECTOR = YES;
				GCC_WARN_UNINITIALIZED_AUTOS = YES_AGGRESSIVE;
				GCC_WARN_UNUSED_FUNCTION = YES;
				GCC_WARN_UNUSED_VARIABLE = YES;
				LOCALIZATION_PREFERS_STRING_CATALOGS = YES;
				MACOSX_DEPLOYMENT_TARGET = 14.0;
				MTL_ENABLE_DEBUG_INFO = NO;
				MTL_FAST_MATH = YES;
				SDKROOT = macosx;
				STRING_CATALOG_GENERATE_SYMBOLS = YES;
				SWIFT_COMPILATION_MODE = wholemodule;
			};
			name = Release;
		};
		A00000000000000000000203 /* Debug */ = {
			isa = XCBuildConfiguration;
			buildSettings = {
				ASSETCATALOG_COMPILER_APPICON_NAME = AppIcon;
				ASSETCATALOG_COMPILER_GLOBAL_ACCENT_COLOR_NAME = AccentColor;
				CODE_SIGN_IDENTITY = "-";
				CODE_SIGN_STYLE = Automatic;
				COMBINE_HIDPI_IMAGES = YES;
				CURRENT_PROJECT_VERSION = 1;
				DEAD_CODE_STRIPPING = YES;
				DEVELOPMENT_TEAM = 8FNGRJHHV4;
				ENABLE_HARDENED_RUNTIME = YES;
				GENERATE_INFOPLIST_FILE = NO;
				INFOPLIST_FILE = ClipSync/Info.plist;
				INFOPLIST_KEY_LSApplicationCategoryType = "public.app-category.utilities";
				INFOPLIST_KEY_NSHumanReadableCopyright = "";
				LD_RUNPATH_SEARCH_PATHS = (
					"$(inherited)",
					"@executable_path/../Frameworks",
				);
				MARKETING_VERSION = 0.1.1;
				PRODUCT_BUNDLE_IDENTIFIER = dev.clipsync.ClipSync;
				PRODUCT_NAME = "$(TARGET_NAME)";
				SWIFT_EMIT_LOC_STRINGS = YES;
				SWIFT_VERSION = 5.9;
			};
			name = Debug;
		};
		A00000000000000000000204 /* Release */ = {
			isa = XCBuildConfiguration;
			buildSettings = {
				ASSETCATALOG_COMPILER_APPICON_NAME = AppIcon;
				ASSETCATALOG_COMPILER_GLOBAL_ACCENT_COLOR_NAME = AccentColor;
				CODE_SIGN_IDENTITY = "-";
				CODE_SIGN_STYLE = Automatic;
				COMBINE_HIDPI_IMAGES = YES;
				CURRENT_PROJECT_VERSION = 1;
				DEAD_CODE_STRIPPING = YES;
				DEVELOPMENT_TEAM = 8FNGRJHHV4;
				ENABLE_HARDENED_RUNTIME = YES;
				GENERATE_INFOPLIST_FILE = NO;
				INFOPLIST_FILE = ClipSync/Info.plist;
				INFOPLIST_KEY_LSApplicationCategoryType = "public.app-category.utilities";
				INFOPLIST_KEY_NSHumanReadableCopyright = "";
				LD_RUNPATH_SEARCH_PATHS = (
					"$(inherited)",
					"@executable_path/../Frameworks",
				);
				MARKETING_VERSION = 0.1.1;
				PRODUCT_BUNDLE_IDENTIFIER = dev.clipsync.ClipSync;
				PRODUCT_NAME = "$(TARGET_NAME)";
				SWIFT_EMIT_LOC_STRINGS = YES;
				SWIFT_VERSION = 5.9;
			};
			name = Release;
		};
		A00000000000000000000609 /* Debug */ = {
			isa = XCBuildConfiguration;
			buildSettings = {
				BUNDLE_LOADER = "$(TEST_HOST)";
				CODE_SIGN_IDENTITY = "-";
				CODE_SIGN_STYLE = Automatic;
				CURRENT_PROJECT_VERSION = 1;
				DEAD_CODE_STRIPPING = YES;
				GENERATE_INFOPLIST_FILE = YES;
				MACOSX_DEPLOYMENT_TARGET = 14.0;
				MARKETING_VERSION = 0.1.1;
				PRODUCT_BUNDLE_IDENTIFIER = dev.clipsync.ClipSyncTests;
				PRODUCT_NAME = "$(TARGET_NAME)";
				SDKROOT = macosx;
				SWIFT_EMIT_LOC_STRINGS = NO;
				SWIFT_VERSION = 5.9;
				TEST_HOST = "$(BUILT_PRODUCTS_DIR)/ClipSync.app/Contents/MacOS/ClipSync";
			};
			name = Debug;
		};
		A0000000000000000000060A /* Release */ = {
			isa = XCBuildConfiguration;
			buildSettings = {
				BUNDLE_LOADER = "$(TEST_HOST)";
				CODE_SIGN_IDENTITY = "-";
				CODE_SIGN_STYLE = Automatic;
				CURRENT_PROJECT_VERSION = 1;
				DEAD_CODE_STRIPPING = YES;
				GENERATE_INFOPLIST_FILE = YES;
				MACOSX_DEPLOYMENT_TARGET = 14.0;
				MARKETING_VERSION = 0.1.1;
				PRODUCT_BUNDLE_IDENTIFIER = dev.clipsync.ClipSyncTests;
				PRODUCT_NAME = "$(TARGET_NAME)";
				SDKROOT = macosx;
				SWIFT_EMIT_LOC_STRINGS = NO;
				SWIFT_VERSION = 5.9;
				TEST_HOST = "$(BUILT_PRODUCTS_DIR)/ClipSync.app/Contents/MacOS/ClipSync";
			};
			name = Release;
		};
/* End XCBuildConfiguration section */

/* Begin XCConfigurationList section */
		A00000000000000000000205 /* Build configuration list for PBXProject "ClipSync" */ = {
			isa = XCConfigurationList;
			buildConfigurations = (
				A00000000000000000000201 /* Debug */,
				A00000000000000000000202 /* Release */,
			);
			defaultConfigurationIsVisible = 0;
			defaultConfigurationName = Release;
		};
		A00000000000000000000206 /* Build configuration list for PBXNativeTarget "ClipSync" */ = {
			isa = XCConfigurationList;
			buildConfigurations = (
				A00000000000000000000203 /* Debug */,
				A00000000000000000000204 /* Release */,
			);
			defaultConfigurationIsVisible = 0;
			defaultConfigurationName = Release;
		};
		A00000000000000000000608 /* Build configuration list for PBXNativeTarget "ClipSyncTests" */ = {
			isa = XCConfigurationList;
			buildConfigurations = (
				A00000000000000000000609 /* Debug */,
				A0000000000000000000060A /* Release */,
			);
			defaultConfigurationIsVisible = 0;
			defaultConfigurationName = Release;
		};
/* End XCConfigurationList section */

/* Begin XCRemoteSwiftPackageReference section */
		A00000000000000000000301 /* XCRemoteSwiftPackageReference "hummingbird" */ = {
			isa = XCRemoteSwiftPackageReference;
			repositoryURL = "https://github.com/hummingbird-project/hummingbird.git";
			requirement = {
				kind = upToNextMajorVersion;
				minimumVersion = 2.0.0;
			};
		};
		A00000000000000000000311 /* XCRemoteSwiftPackageReference "hummingbird-websocket" */ = {
			isa = XCRemoteSwiftPackageReference;
			repositoryURL = "https://github.com/hummingbird-project/hummingbird-websocket.git";
			requirement = {
				kind = upToNextMajorVersion;
				minimumVersion = 2.0.0;
			};
		};
		A00000000000000000002001 /* XCRemoteSwiftPackageReference "swift-nio-ssl" */ = {
			isa = XCRemoteSwiftPackageReference;
			repositoryURL = "https://github.com/apple/swift-nio-ssl.git";
			requirement = {
				kind = upToNextMajorVersion;
				minimumVersion = 2.0.0;
			};
		};
		A00000000000000000002201 /* XCRemoteSwiftPackageReference "swift-certificates" */ = {
			isa = XCRemoteSwiftPackageReference;
			repositoryURL = "https://github.com/apple/swift-certificates.git";
			requirement = {
				kind = upToNextMajorVersion;
				minimumVersion = 1.0.0;
			};
		};
/* End XCRemoteSwiftPackageReference section */

/* Begin XCSwiftPackageProductDependency section */
		A00000000000000000000302 /* Hummingbird */ = {
			isa = XCSwiftPackageProductDependency;
			package = A00000000000000000000301 /* XCRemoteSwiftPackageReference "hummingbird" */;
			productName = Hummingbird;
		};
		A00000000000000000000304 /* HummingbirdWebSocket */ = {
			isa = XCSwiftPackageProductDependency;
			package = A00000000000000000000311 /* XCRemoteSwiftPackageReference "hummingbird-websocket" */;
			productName = HummingbirdWebSocket;
		};
		A00000000000000000002002 /* HummingbirdTLS */ = {
			isa = XCSwiftPackageProductDependency;
			package = A00000000000000000000301 /* XCRemoteSwiftPackageReference "hummingbird" */;
			productName = HummingbirdTLS;
		};
		A00000000000000000002102 /* NIOSSL */ = {
			isa = XCSwiftPackageProductDependency;
			package = A00000000000000000002001 /* XCRemoteSwiftPackageReference "swift-nio-ssl" */;
			productName = NIOSSL;
		};
		A00000000000000000002202 /* X509 */ = {
			isa = XCSwiftPackageProductDependency;
			package = A00000000000000000002201 /* XCRemoteSwiftPackageReference "swift-certificates" */;
			productName = X509;
		};
/* End XCSwiftPackageProductDependency section */
	};
	rootObject = A000000000000000000000A1 /* Project object */;
}
